{
  "version": 1,
  "dependencies": {
    "net10.0": {
      "MailKit": {
        "type": "Direct",
        "requested": "[4.18.0, )",
        "resolved": "4.18.0",
        "contentHash": "Sk+n5f4uVKiQKECOCPcFcYtYpIt9rcli7dDboSkWM2TBbTYE7EpfudL+e5a6TFp9eMHOzNYOydzZh0b+zFGK4A==",
        "dependencies": {
          "MimeKit": "4.18.0"
        }
      },
      "BouncyCastle.Cryptography": {
        "type": "Transitive",
        "resolved": "2.7.0",
        "contentHash": "U+12df8UEWHgBi04YVf/Lgi2dy3SItlIYvHjjEVa/BngCQIzDCDRBk50DDByCfDvSbe5pRNFr3b7UrVK2kMcLw=="
      },
      "HtmlAgilityPack": {
        "type": "Transitive",
        "resolved": "1.13.0",
        "contentHash": "nWZtz9WjSbq6V7TjjYBCmW+D8+BrWs15O6MlPxh55SH4zmenkWHXwu6gYeIarHL3KoHgDyZzTdOM50EdTnR8Xw=="
      },
      "MimeKit": {
        "type": "Transitive",
        "resolved": "4.18.0",
        "contentHash": "foq2guy0YL0l0WuHrW4CuYicooXDpXlTOG1kuzlw9VcWfZpaf6zu3nX2kV3n6VKTrMy24vQJgE2TepszntVd3A==",
        "dependencies": {
          "BouncyCastle.Cryptography": "2.7.0",
          "System.Security.Cryptography.Pkcs": "10.0.0"
        }
      },
      "System.Security.Cryptography.Pkcs": {
        "type": "Transitive",
        "resolved": "10.0.0",
        "contentHash": "UPWqLSygJlFerRi9XNIuM0a1VC8gHUIufyP24xQ0sc+XimqUAEcjpOz9DhKpyDjH+5B/wO3RpC0KpkEeDj/ddg=="
      },
      "assignmentfinder.analysis": {
        "type": "Project",
        "dependencies": {
          "AssignmentFinder.Brainville": "[1.0.0, )"
        }
      },
      "assignmentfinder.brainville": {
        "type": "Project",
        "dependencies": {
          "HtmlAgilityPack": "[1.13.0, )"
        }
      }
    }
  }
}