{
  "version": 1,
  "dependencies": {
    "net10.0": {
      "HtmlAgilityPack": {
        "type": "Direct",
        "requested": "[1.13.0, )",
        "resolved": "1.13.0",
        "contentHash": "nWZtz9WjSbq6V7TjjYBCmW+D8+BrWs15O6MlPxh55SH4zmenkWHXwu6gYeIarHL3KoHgDyZzTdOM50EdTnR8Xw=="
      }
    }
  }
}